Microsoft Visual Studio Solution File, Format Version 12.00
# Visual Studio 15
VisualStudioVersion = 15.0.27703.2026
MinimumVisualStudioVersion = 10.0.40219.1
Project("{FAE04EC0-301F-11D3-BF4B-00C04F79EFBC}") = "PureFreak.SimpleNetwork", "PureFreak.SimpleNetwork\PureFreak.SimpleNetwork.csproj", "{87DF4249-D462-405F-B9F3-F228C87482BC}"
EndProject
Project("{FAE04EC0-301F-11D3-BF4B-00C04F79EFBC}") = "Testserver", "Testserver\Testserver.csproj", "{AA9B9524-8B7E-4668-8BFE-5ABF33B8F2F9}"
EndProject
Project("{FAE04EC0-301F-11D3-BF4B-00C04F79EFBC}") = "Testclient", "Testclient\Testclient.csproj", "{D6BDD32C-5BF1-475A-84BE-BD5F23741FFB}"
EndProject
Project("{FAE04EC0-301F-11D3-BF4B-00C04F79EFBC}") = "Testform", "Testform\Testform.csproj", "{8414AF9D-85C6-4A15-B9ED-7925FDB68136}"
EndProject
Project("{2150E333-8FDC-42A3-9474-1A3956D46DE8}") = "Library", "Library", "{07D7ECC5-0636-468E-AE8B-615C0E9544A5}"
EndProject
Project("{2150E333-8FDC-42A3-9474-1A3956D46DE8}") = "Tests", "Tests", "{9F0B69D9-223A-477A-BD3B-F53E938A533B}"
EndProject
Global
	GlobalSection(SolutionConfigurationPlatforms) = preSolution
		Debug|Any CPU = Debug|Any CPU
		Release|Any CPU = Release|Any CPU
	EndGlobalSection
	GlobalSection(ProjectConfigurationPlatforms) = postSolution
		{87DF4249-D462-405F-B9F3-F228C87482BC}.Debug|Any CPU.ActiveCfg = Debug|Any CPU
		{87DF4249-D462-405F-B9F3-F228C87482BC}.Debug|Any CPU.Build.0 = Debug|Any CPU
		{87DF4249-D462-405F-B9F3-F228C87482BC}.Release|Any CPU.ActiveCfg = Release|Any CPU
		{87DF4249-D462-405F-B9F3-F228C87482BC}.Release|Any CPU.Build.0 = Release|Any CPU
		{AA9B9524-8B7E-4668-8BFE-5ABF33B8F2F9}.Debug|Any CPU.ActiveCfg = Debug|Any CPU
		{AA9B9524-8B7E-4668-8BFE-5ABF33B8F2F9}.Debug|Any CPU.Build.0 = Debug|Any CPU
		{AA9B9524-8B7E-4668-8BFE-5ABF33B8F2F9}.Release|Any CPU.ActiveCfg = Release|Any CPU
		{AA9B9524-8B7E-4668-8BFE-5ABF33B8F2F9}.Release|Any CPU.Build.0 = Release|Any CPU
		{D6BDD32C-5BF1-475A-84BE-BD5F23741FFB}.Debug|Any CPU.ActiveCfg = Debug|Any CPU
		{D6BDD32C-5BF1-475A-84BE-BD5F23741FFB}.Debug|Any CPU.Build.0 = Debug|Any CPU
		{D6BDD32C-5BF1-475A-84BE-BD5F23741FFB}.Release|Any CPU.ActiveCfg = Release|Any CPU
		{D6BDD32C-5BF1-475A-84BE-BD5F23741FFB}.Release|Any CPU.Build.0 = Release|Any CPU
		{8414AF9D-85C6-4A15-B9ED-7925FDB68136}.Debug|Any CPU.ActiveCfg = Debug|Any CPU
		{8414AF9D-85C6-4A15-B9ED-7925FDB68136}.Debug|Any CPU.Build.0 = Debug|Any CPU
		{8414AF9D-85C6-4A15-B9ED-7925FDB68136}.Release|Any CPU.ActiveCfg = Release|Any CPU
		{8414AF9D-85C6-4A15-B9ED-7925FDB68136}.Release|Any CPU.Build.0 = Release|Any CPU
	EndGlobalSection
	GlobalSection(SolutionProperties) = preSolution
		HideSolutionNode = FALSE
	EndGlobalSection
	GlobalSection(NestedProjects) = preSolution
		{87DF4249-D462-405F-B9F3-F228C87482BC} = {07D7ECC5-0636-468E-AE8B-615C0E9544A5}
		{AA9B9524-8B7E-4668-8BFE-5ABF33B8F2F9} = {9F0B69D9-223A-477A-BD3B-F53E938A533B}
		{D6BDD32C-5BF1-475A-84BE-BD5F23741FFB} = {9F0B69D9-223A-477A-BD3B-F53E938A533B}
		{8414AF9D-85C6-4A15-B9ED-7925FDB68136} = {9F0B69D9-223A-477A-BD3B-F53E938A533B}
	EndGlobalSection
	GlobalSection(ExtensibilityGlobals) = postSolution
		SolutionGuid = {0ABA2DED-9289-4722-9EAF-982CA5CCE3A9}
	EndGlobalSection
EndGlobal
